<?xml version="1.0" encoding="utf-8"?>
<Project ToolsVersion="4.0" xmlns="http://schemas.microsoft.com/developer/msbuild/2003">
  <ItemGroup>
    <Filter Include="Common">
      <UniqueIdentifier>{8dbb59f4-1cc4-419b-8618-5cbc6867c6a2}</UniqueIdentifier>
    </Filter>
    <Filter Include="Common\Global">
      <UniqueIdentifier>{c72f174a-12b5-4026-ba14-bb6af8fe7eac}</UniqueIdentifier>
    </Filter>
    <Filter Include="Common\PS2 Resources">
      <UniqueIdentifier>{111662a9-6417-433f-a25d-2958fb06bcfb}</UniqueIdentifier>
    </Filter>
    <Filter Include="Common\PS2 Resources\EE">
      <UniqueIdentifier>{e74d6ccb-c6db-43cc-8a73-30ea78f0617b}</UniqueIdentifier>
    </Filter>
    <Filter Include="Common\PS2 Resources\EE\EECore">
      <UniqueIdentifier>{acfb6f1a-3d78-4f5c-b1f8-9219179f473a}</UniqueIdentifier>
    </Filter>
    <Filter Include="Common\PS2 Resources\EE\EECore\COP0">
      <UniqueIdentifier>{03491942-df5a-489b-b63b-b10147dae629}</UniqueIdentifier>
    </Filter>
    <Filter Include="Common\PS2 Resources\EE\EECore\R5900">
      <UniqueIdentifier>{e971d169-09f9-4b95-b36e-6f3837e04cc4}</UniqueIdentifier>
    </Filter>
    <Filter Include="Common\PS2 Resources\EE\EECore\COP1">
      <UniqueIdentifier>{f4331725-feb3-4219-9175-3dcd49d2e6cc}</UniqueIdentifier>
    </Filter>
    <Filter Include="Common\PS2 Resources\EE\VPU">
      <UniqueIdentifier>{256b7efe-dda5-42f1-9a01-17fccd9ee8e3}</UniqueIdentifier>
    </Filter>
    <Filter Include="Common\PS2 Resources\EE\VPU\VIF">
      <UniqueIdentifier>{c54e4c72-f916-4eba-a90a-9944b796d50a}</UniqueIdentifier>
    </Filter>
    <Filter Include="Common\PS2 Resources\EE\VPU\VU">
      <UniqueIdentifier>{2f055b2b-3205-4ce2-838b-71420d6a6418}</UniqueIdentifier>
    </Filter>
    <Filter Include="Common\PS2 Types">
      <UniqueIdentifier>{af068465-91f9-4b8a-9dda-3946f7b308a8}</UniqueIdentifier>
    </Filter>
    <Filter Include="Common\PS2 Types\Registers">
      <UniqueIdentifier>{8fe87a6f-96f9-476b-83b3-c9da1b47f016}</UniqueIdentifier>
    </Filter>
    <Filter Include="Common\PS2 Types\Exceptions">
      <UniqueIdentifier>{38bbc1c1-12c4-48f0-b738-52346dcd082b}</UniqueIdentifier>
    </Filter>
    <Filter Include="Common\PS2 Constants">
      <UniqueIdentifier>{8a73cfce-df01-43ec-a0ac-b46e9451270c}</UniqueIdentifier>
    </Filter>
    <Filter Include="VM">
      <UniqueIdentifier>{eeb1eda8-cbe4-4eb8-bd46-c71ef6530a89}</UniqueIdentifier>
    </Filter>
    <Filter Include="VM\ExecutionCore">
      <UniqueIdentifier>{be8e6df4-6a65-458e-acb3-ed769ab47dc9}</UniqueIdentifier>
    </Filter>
    <Filter Include="VM\ExecutionCore\Interpreter">
      <UniqueIdentifier>{47851830-a975-4672-8b7a-21823b98237c}</UniqueIdentifier>
    </Filter>
    <Filter Include="VM\ExecutionCore\Recompiler">
      <UniqueIdentifier>{fbe0cc9b-4f3b-4df9-9652-b11acd1ff575}</UniqueIdentifier>
    </Filter>
    <Filter Include="VM\ExceptionHandler">
      <UniqueIdentifier>{866e343f-bd57-48c5-8ef6-957def2db35a}</UniqueIdentifier>
    </Filter>
    <Filter Include="VM\Interfaces">
      <UniqueIdentifier>{94c884e7-3dc9-426b-a2d7-b983d1318740}</UniqueIdentifier>
    </Filter>
    <Filter Include="Common\PS2 Types\Instructions">
      <UniqueIdentifier>{223709e7-2b52-4f62-8e53-9da7ebb243a2}</UniqueIdentifier>
    </Filter>
    <Filter Include="VM\ExecutionCore\Interpreter\R5900">
      <UniqueIdentifier>{e5e3ef58-0177-4bac-a147-8b573d1d2585}</UniqueIdentifier>
    </Filter>
    <Filter Include="Common\PS2 Resources\Memory">
      <UniqueIdentifier>{1bb81ba9-bde2-4015-94c1-a609b3164bba}</UniqueIdentifier>
    </Filter>
    <Filter Include="VM\MMUHandler">
      <UniqueIdentifier>{a76f836c-dd19-440a-bb7b-281523bdcc9a}</UniqueIdentifier>
    </Filter>
  </ItemGroup>
  <ItemGroup>
    <Text Include="ReadMe.txt" />
  </ItemGroup>
  <ItemGroup>
    <ClInclude Include="Instruction_t.h">
      <Filter>Common\PS2 Types\Instructions</Filter>
    </ClInclude>
    <ClInclude Include="Globals.h">
      <Filter>Common\Global</Filter>
    </ClInclude>
    <ClInclude Include="GlobalMacros.h">
      <Filter>Common\Global</Filter>
    </ClInclude>
    <ClInclude Include="GlobalTypes.h">
      <Filter>Common\Global</Filter>
    </ClInclude>
    <ClInclude Include="targetver.h" />
    <ClInclude Include="stdafx.h" />
    <ClInclude Include="COP0_Registers_t.h">
      <Filter>Common\PS2 Resources\EE\EECore\COP0</Filter>
    </ClInclude>
    <ClInclude Include="COP0_t.h">
      <Filter>Common\PS2 Resources\EE\EECore\COP0</Filter>
    </ClInclude>
    <ClInclude Include="R5900_t.h">
      <Filter>Common\PS2 Resources\EE\EECore\R5900</Filter>
    </ClInclude>
    <ClInclude Include="COP1_t.h">
      <Filter>Common\PS2 Resources\EE\EECore\COP1</Filter>
    </ClInclude>
    <ClInclude Include="Register_t.h">
      <Filter>Common\PS2 Types\Registers</Filter>
    </ClInclude>
    <ClInclude Include="BitfieldRegister_t.h">
      <Filter>Common\PS2 Types\Registers</Filter>
    </ClInclude>
    <ClInclude Include="EECore_t.h">
      <Filter>Common\PS2 Resources\EE\EECore</Filter>
    </ClInclude>
    <ClInclude Include="EE_t.h">
      <Filter>Common\PS2 Resources\EE</Filter>
    </ClInclude>
    <ClInclude Include="PS2Resources_t.h">
      <Filter>Common\PS2 Resources</Filter>
    </ClInclude>
    <ClInclude Include="Interpreter.h">
      <Filter>VM\ExecutionCore\Interpreter</Filter>
    </ClInclude>
    <ClInclude Include="PS2Constants.h">
      <Filter>Common\PS2 Constants</Filter>
    </ClInclude>
    <ClInclude Include="PS2Exception_t.h">
      <Filter>Common\PS2 Types\Exceptions</Filter>
    </ClInclude>
    <ClInclude Include="VMMain.h">
      <Filter>VM</Filter>
    </ClInclude>
    <ClInclude Include="VMBaseComponent.h">
      <Filter>VM\Interfaces</Filter>
    </ClInclude>
    <ClInclude Include="VMExecutionCoreComponent.h">
      <Filter>VM\Interfaces</Filter>
    </ClInclude>
    <ClInclude Include="VMExceptionHandlerComponent.h">
      <Filter>VM\Interfaces</Filter>
    </ClInclude>
    <ClInclude Include="ExceptionHandler.h">
      <Filter>VM\ExceptionHandler</Filter>
    </ClInclude>
    <ClInclude Include="VMInterpreterComponent.h">
      <Filter>VM\Interfaces</Filter>
    </ClInclude>
    <ClInclude Include="MainMemory_t.h">
      <Filter>Common\PS2 Resources\Memory</Filter>
    </ClInclude>
    <ClInclude Include="GlobalLog.h">
      <Filter>Common\Global</Filter>
    </ClInclude>
    <ClInclude Include="InterpreterR5900.h">
      <Filter>VM\ExecutionCore\Interpreter\R5900</Filter>
    </ClInclude>
    <ClInclude Include="VMMMUComponent.h">
      <Filter>VM\Interfaces</Filter>
    </ClInclude>
    <ClInclude Include="MMUHandler.h">
      <Filter>VM\MMUHandler</Filter>
    </ClInclude>
    <ClInclude Include="GlobalConstants.h">
      <Filter>Common\Global</Filter>
    </ClInclude>
  </ItemGroup>
  <ItemGroup>
    <ClCompile Include="Instruction_t.cpp">
      <Filter>Common\PS2 Types\Instructions</Filter>
    </ClCompile>
    <ClCompile Include="stdafx.cpp" />
    <ClCompile Include="BitfieldRegister_t.cpp">
      <Filter>Common\PS2 Types\Registers</Filter>
    </ClCompile>
    <ClCompile Include="Register_t.cpp">
      <Filter>Common\PS2 Types\Registers</Filter>
    </ClCompile>
    <ClCompile Include="Interpreter.cpp">
      <Filter>VM\ExecutionCore\Interpreter</Filter>
    </ClCompile>
    <ClCompile Include="PS2Exception_t.cpp">
      <Filter>Common\PS2 Types\Exceptions</Filter>
    </ClCompile>
    <ClCompile Include="VMMain.cpp">
      <Filter>VM</Filter>
    </ClCompile>
    <ClCompile Include="ExceptionHandler.cpp">
      <Filter>VM\ExceptionHandler</Filter>
    </ClCompile>
    <ClCompile Include="GlobalLog.cpp">
      <Filter>Common\Global</Filter>
    </ClCompile>
    <ClCompile Include="InterpreterR5900.cpp">
      <Filter>VM\ExecutionCore\Interpreter\R5900</Filter>
    </ClCompile>
    <ClCompile Include="MMUHandler.cpp">
      <Filter>VM\MMUHandler</Filter>
    </ClCompile>
  </ItemGroup>
</Project>