<?xml version="1.0" encoding="utf-8"?>
<Project ToolsVersion="4.0" xmlns="http://schemas.microsoft.com/developer/msbuild/2003">
  <ItemGroup>
    <Filter Include="Docs">
      <UniqueIdentifier>{b95937d6-668e-4d60-ac0c-36665217b23c}</UniqueIdentifier>
    </Filter>
    <Filter Include="Source">
      <UniqueIdentifier>{b8275aa5-06e4-4c42-96a9-f90508640374}</UniqueIdentifier>
    </Filter>
    <Filter Include="Source\Common">
      <UniqueIdentifier>{8dbb59f4-1cc4-419b-8618-5cbc6867c6a2}</UniqueIdentifier>
    </Filter>
    <Filter Include="Source\Common\Global">
      <UniqueIdentifier>{c72f174a-12b5-4026-ba14-bb6af8fe7eac}</UniqueIdentifier>
    </Filter>
    <Filter Include="Source\Common\PS2 Resources">
      <UniqueIdentifier>{111662a9-6417-433f-a25d-2958fb06bcfb}</UniqueIdentifier>
    </Filter>
    <Filter Include="Source\Common\PS2 Resources\EE">
      <UniqueIdentifier>{e74d6ccb-c6db-43cc-8a73-30ea78f0617b}</UniqueIdentifier>
    </Filter>
    <Filter Include="Source\Common\PS2 Resources\EE\EECore">
      <UniqueIdentifier>{acfb6f1a-3d78-4f5c-b1f8-9219179f473a}</UniqueIdentifier>
    </Filter>
    <Filter Include="Source\Common\PS2 Resources\EE\EECore\COP0">
      <UniqueIdentifier>{03491942-df5a-489b-b63b-b10147dae629}</UniqueIdentifier>
    </Filter>
    <Filter Include="Source\Common\PS2 Resources\EE\EECore\R5900">
      <UniqueIdentifier>{e971d169-09f9-4b95-b36e-6f3837e04cc4}</UniqueIdentifier>
    </Filter>
    <Filter Include="Source\Common\PS2 Resources\EE\EECore\COP1">
      <UniqueIdentifier>{f4331725-feb3-4219-9175-3dcd49d2e6cc}</UniqueIdentifier>
    </Filter>
    <Filter Include="Source\Common\PS2 Resources\EE\EECore\ScratchpadMemory">
      <UniqueIdentifier>{13769b44-89f3-4142-bcb4-c848d5d50886}</UniqueIdentifier>
    </Filter>
    <Filter Include="Source\Common\PS2 Resources\MainMemory">
      <UniqueIdentifier>{1bb81ba9-bde2-4015-94c1-a609b3164bba}</UniqueIdentifier>
    </Filter>
    <Filter Include="Source\Common\PS2 Resources\BootROM">
      <UniqueIdentifier>{fc26f826-3728-41ad-affb-1beb4c5ea3f3}</UniqueIdentifier>
    </Filter>
    <Filter Include="Source\Common\PS2 Constants">
      <UniqueIdentifier>{8a73cfce-df01-43ec-a0ac-b46e9451270c}</UniqueIdentifier>
    </Filter>
    <Filter Include="Source\VM">
      <UniqueIdentifier>{eeb1eda8-cbe4-4eb8-bd46-c71ef6530a89}</UniqueIdentifier>
    </Filter>
    <Filter Include="Source\VM\ExecutionCore">
      <UniqueIdentifier>{be8e6df4-6a65-458e-acb3-ed769ab47dc9}</UniqueIdentifier>
    </Filter>
    <Filter Include="Source\VM\ExecutionCore\Interpreter">
      <UniqueIdentifier>{47851830-a975-4672-8b7a-21823b98237c}</UniqueIdentifier>
    </Filter>
    <Filter Include="Source\VM\ExecutionCore\Interpreter\InterpreterEECore">
      <UniqueIdentifier>{e5e3ef58-0177-4bac-a147-8b573d1d2585}</UniqueIdentifier>
    </Filter>
    <Filter Include="Source\Common\Util">
      <UniqueIdentifier>{f36709da-f132-405c-aa87-f2b9c6386bff}</UniqueIdentifier>
    </Filter>
    <Filter Include="Source\Common\Util\EECoreInstructionUtil">
      <UniqueIdentifier>{5a2259f2-f767-450d-91e1-953c9a9da096}</UniqueIdentifier>
    </Filter>
    <Filter Include="Source\Common\Util\MathUtil">
      <UniqueIdentifier>{33842a11-dc7c-4650-b01a-a96393a3bbde}</UniqueIdentifier>
    </Filter>
    <Filter Include="Source\VM\ExecutionCore\Interpreter\InterpreterEECore\MMUHandler">
      <UniqueIdentifier>{fd995361-4a05-4633-b6d1-fdd2aee746ac}</UniqueIdentifier>
    </Filter>
    <Filter Include="Source\VM\VMMMUHandler">
      <UniqueIdentifier>{a76f836c-dd19-440a-bb7b-281523bdcc9a}</UniqueIdentifier>
    </Filter>
    <Filter Include="Source\VM\ExecutionCore\Interpreter\InterpreterEECore\ExceptionHandler">
      <UniqueIdentifier>{866e343f-bd57-48c5-8ef6-957def2db35a}</UniqueIdentifier>
    </Filter>
    <Filter Include="Source\Common\Types">
      <UniqueIdentifier>{af068465-91f9-4b8a-9dda-3946f7b308a8}</UniqueIdentifier>
    </Filter>
    <Filter Include="Source\Common\Types\Registers">
      <UniqueIdentifier>{8fe87a6f-96f9-476b-83b3-c9da1b47f016}</UniqueIdentifier>
    </Filter>
    <Filter Include="Source\Common\Types\MIPSInstruction">
      <UniqueIdentifier>{223709e7-2b52-4f62-8e53-9da7ebb243a2}</UniqueIdentifier>
    </Filter>
    <Filter Include="Source\Common\PS2 Resources\EE\EECore\COP0\Types">
      <UniqueIdentifier>{6973ef0e-c95c-4691-a8c1-23ddbd476952}</UniqueIdentifier>
    </Filter>
    <Filter Include="Source\Common\PS2 Resources\EE\EECore\COP1\Types">
      <UniqueIdentifier>{f83163e4-ae7e-43bb-84b9-6ed64d8fb684}</UniqueIdentifier>
    </Filter>
    <Filter Include="Source\Common\PS2 Resources\EE\EECore\R5900\Types">
      <UniqueIdentifier>{5d19d984-a7cd-4cf5-a5c1-f49519c6a8f6}</UniqueIdentifier>
    </Filter>
    <Filter Include="Source\Common\Interfaces">
      <UniqueIdentifier>{94c884e7-3dc9-426b-a2d7-b983d1318740}</UniqueIdentifier>
    </Filter>
    <Filter Include="Source\Common\PS2 Resources\EE\EECore\MMU">
      <UniqueIdentifier>{46877ab8-d180-4d48-9767-1b4256569ae7}</UniqueIdentifier>
    </Filter>
    <Filter Include="Source\Common\PS2 Resources\EE\EECore\Exceptions">
      <UniqueIdentifier>{8bf4d0e8-7ea1-48ab-986f-020ec5bd44ac}</UniqueIdentifier>
    </Filter>
    <Filter Include="Source\Common\PS2 Resources\EE\EECore\Exceptions\Types">
      <UniqueIdentifier>{15cb94da-1ced-4b23-a932-56beb5eb4c93}</UniqueIdentifier>
    </Filter>
    <Filter Include="Source\Common\Util\EECoreMMUUtil">
      <UniqueIdentifier>{25d7b0a9-b6e9-4ec8-8a64-121a55d95103}</UniqueIdentifier>
    </Filter>
    <Filter Include="Source\Common\Util\EECoreCOP1Util">
      <UniqueIdentifier>{70076534-28ad-447d-b4e8-afcf745cb4ef}</UniqueIdentifier>
    </Filter>
  </ItemGroup>
  <ItemGroup>
    <ClInclude Include="Source\Common\Global\Globals.h">
      <Filter>Source\Common\Global</Filter>
    </ClInclude>
    <ClInclude Include="Source\targetver.h">
      <Filter>Source</Filter>
    </ClInclude>
    <ClInclude Include="Source\stdafx.h">
      <Filter>Source</Filter>
    </ClInclude>
    <ClInclude Include="Source\Common\Util\MathUtil\MathUtil.h">
      <Filter>Source\Common\Util\MathUtil</Filter>
    </ClInclude>
    <ClInclude Include="Source\Common\Util\FPUUtil\FPUUtil.h">
      <Filter>Source\Common\Util\EECoreCOP1Util</Filter>
    </ClInclude>
    <ClInclude Include="Source\Common\Util\FPUUtil\FPUFlags_t.h" />
    <ClInclude Include="Source\Common\Global\Constants.h">
      <Filter>Source\Common\Global</Filter>
    </ClInclude>
    <ClInclude Include="Source\Common\Global\Macros.h">
      <Filter>Source\Common\Global</Filter>
    </ClInclude>
    <ClInclude Include="Source\Common\Global\PrimativeTypes.h">
      <Filter>Source\Common\Global</Filter>
    </ClInclude>
    <ClInclude Include="Source\Common\Global\CompileOptions.h" />
    <ClInclude Include="Source\Resources\Clock\Clock_t.h" />
    <ClInclude Include="Source\Resources\Common\Types\SBUSFIFOQueues_t.h" />
    <ClInclude Include="Source\Resources\Common\Types\SBUSRegisters_t.h" />
    <ClInclude Include="Source\Resources\Common\Common_t.h" />
    <ClInclude Include="Source\Resources\EE\DMAC\Types\EEDmacChannelRegisters_t.h" />
    <ClInclude Include="Source\Resources\EE\DMAC\Types\EEDmacChannels_t.h" />
    <ClInclude Include="Source\Resources\EE\DMAC\Types\EEDmacRegisters_t.h" />
    <ClInclude Include="Source\Resources\EE\DMAC\EEDmac_t.h" />
    <ClInclude Include="Source\Resources\EE\EECore\Types\EECoreCOP0_t.h">
      <Filter>Source\Common\PS2 Resources\EE\EECore\COP0</Filter>
    </ClInclude>
    <ClInclude Include="Source\Resources\EE\EECore\Types\EECoreCOP0Registers_t.h" />
    <ClInclude Include="Source\Resources\EE\EECore\Types\EECoreException_t.h">
      <Filter>Source\Common\PS2 Resources\EE\EECore\Exceptions\Types</Filter>
    </ClInclude>
    <ClInclude Include="Source\Resources\EE\EECore\Types\EECoreFPU_t.h">
      <Filter>Source\Common\PS2 Resources\EE\EECore\COP1</Filter>
    </ClInclude>
    <ClInclude Include="Source\Resources\EE\EECore\Types\EECoreFPURegisters_t.h">
      <Filter>Source\Common\PS2 Resources\EE\EECore\COP1\Types</Filter>
    </ClInclude>
    <ClInclude Include="Source\Resources\EE\EECore\Types\EECoreInstruction_t.h" />
    <ClInclude Include="Source\Resources\EE\EECore\Types\EECoreR5900_t.h">
      <Filter>Source\Common\PS2 Resources\EE\EECore\R5900</Filter>
    </ClInclude>
    <ClInclude Include="Source\Resources\EE\EECore\Types\EECoreTLB_t.h">
      <Filter>Source\Common\PS2 Resources\EE\EECore\MMU</Filter>
    </ClInclude>
    <ClInclude Include="Source\Resources\EE\EECore\Types\EECoreTLBEntry_t.h" />
    <ClInclude Include="Source\Resources\EE\EECore\EECore_t.h">
      <Filter>Source\Common\PS2 Resources\EE\EECore</Filter>
    </ClInclude>
    <ClInclude Include="Source\Resources\EE\GIF\GIF_t.h" />
    <ClInclude Include="Source\Resources\EE\INTC\Types\EEIntcRegisters_t.h" />
    <ClInclude Include="Source\Resources\EE\INTC\EEIntc_t.h" />
    <ClInclude Include="Source\Resources\EE\IPU\IPU_t.h" />
    <ClInclude Include="Source\Resources\EE\Timers\Types\EETimersTimerRegisters_t.h" />
    <ClInclude Include="Source\Resources\EE\Timers\Types\EETimersTimers_t.h" />
    <ClInclude Include="Source\Resources\EE\Timers\EETimers_t.h" />
    <ClInclude Include="Source\Resources\EE\Types\EERegisters_t.h" />
    <ClInclude Include="Source\Resources\EE\VPU\Types\VPURegisters_t.h" />
    <ClInclude Include="Source\Resources\EE\VPU\VIF\VIF_t.h" />
    <ClInclude Include="Source\Resources\EE\VPU\VU\VU_t.h" />
    <ClInclude Include="Source\Resources\EE\VPU\VPU_t.h" />
    <ClInclude Include="Source\Resources\EE\EE_t.h">
      <Filter>Source\Common\PS2 Resources\EE</Filter>
    </ClInclude>
    <ClInclude Include="Source\Resources\GS\GS_t.h" />
    <ClInclude Include="Source\Resources\IOP\INTC\Types\IOPIntcRegisters_t.h" />
    <ClInclude Include="Source\Resources\IOP\INTC\IOPIntc_t.h" />
    <ClInclude Include="Source\Resources\IOP\IOPCore\Types\IOPCoreCOP0_t.h" />
    <ClInclude Include="Source\Resources\IOP\IOPCore\Types\IOPCoreCOP0Registers_t.h" />
    <ClInclude Include="Source\Resources\IOP\IOPCore\Types\IOPCoreException_t.h" />
    <ClInclude Include="Source\Resources\IOP\IOPCore\Types\IOPCoreR3000_t.h" />
    <ClInclude Include="Source\Resources\IOP\IOPCore\IOPCore_t.h" />
    <ClInclude Include="Source\Resources\IOP\Timers\Types\IOPTimersTimerRegisters_t.h" />
    <ClInclude Include="Source\Resources\IOP\Timers\Types\IOPTimersTimers_t.h" />
    <ClInclude Include="Source\Resources\IOP\Timers\IOPTimers_t.h" />
    <ClInclude Include="Source\Resources\IOP\IOP_t.h" />
    <ClInclude Include="Source\Resources\Resources_t.h">
      <Filter>Source\Common\PS2 Resources</Filter>
    </ClInclude>
    <ClInclude Include="Source\VM\Types\VMOptions.h" />
    <ClInclude Include="Source\Common\Global\Log.h" />
    <ClInclude Include="Source\VM\VM.h">
      <Filter>Source\VM</Filter>
    </ClInclude>
    <ClInclude Include="Source\VM\Types\VMSystem_s.h" />
    <ClInclude Include="Source\VM\Systems\EE\DMAC\EEDmac_s.h" />
    <ClInclude Include="Source\VM\Systems\EE\EECoreInterpreter\EECoreInterpreter_s.h">
      <Filter>Source\VM\ExecutionCore\Interpreter\InterpreterEECore</Filter>
    </ClInclude>
    <ClInclude Include="Source\VM\Systems\EE\INTC\EEIntc_s.h" />
    <ClInclude Include="Source\VM\Systems\EE\Timers\EETimers_s.h" />
    <ClInclude Include="Source\VM\Systems\EE\VPU\VIF\VIF_s.h" />
    <ClInclude Include="Source\VM\Systems\EE\VPU\VUInterpreter\VUInterpreter_s.h" />
    <ClInclude Include="Source\VM\Systems\IOP\DMAC\IOPDmac_s.h" />
    <ClInclude Include="Source\VM\Systems\IOP\INTC\IOPIntc_s.h" />
    <ClInclude Include="Source\VM\Systems\IOP\IOPCoreInterpreter\IOPCoreInterpreter_s.h" />
    <ClInclude Include="Source\VM\Systems\IOP\Timers\IOPTimers_s.h" />
    <ClInclude Include="Source\VM\Systems\GS\GSCore\GSCore_s.h" />
    <ClInclude Include="Source\Common\Types\System_t.h" />
    <ClInclude Include="Source\Common\Types\ClockSource_t.h" />
    <ClInclude Include="Source\Common\Types\EnumMap_t.h" />
    <ClInclude Include="Source\Resources\GS\CRTC\CRTC_t.h" />
    <ClInclude Include="Source\VM\Systems\GS\CRTC\CRTC_s.h" />
    <ClInclude Include="Source\Resources\EE\DMAC\Types\EEDMAtag_t.h" />
    <ClInclude Include="Source\Common\Types\Memory\HwordMemory_t.h" />
    <ClInclude Include="Source\Common\Types\Memory\ByteMemory_t.h" />
    <ClInclude Include="Source\Common\Types\Memory\ConstantByteMemory_t.h" />
    <ClInclude Include="Source\Common\Types\Memory\ROByteMemory_t.h" />
    <ClInclude Include="Source\Common\Tables\IOPDmacChannelTable.h" />
    <ClInclude Include="Source\Common\Tables\IOPCoreSyscallTable.h" />
    <ClInclude Include="Source\Common\Tables\IOPCoreExceptionsTable.h" />
    <ClInclude Include="Source\Common\Tables\EEDmacChannelTable.h" />
    <ClInclude Include="Source\Common\Tables\EECoreSyscallTable.h" />
    <ClInclude Include="Source\Common\Tables\EECoreExceptionsTable.h" />
    <ClInclude Include="Source\Common\Tables\VIFcodeInstructionTable.h" />
    <ClInclude Include="Source\Resources\IOP\DMAC\Types\IOPDmacChannelRegisters_t.h" />
    <ClInclude Include="Source\Resources\IOP\DMAC\Types\IOPDmacChannels_t.h" />
    <ClInclude Include="Source\Resources\IOP\DMAC\Types\IOPDmacRegisters_t.h" />
    <ClInclude Include="Source\Resources\IOP\DMAC\Types\IOPDMAtag_t.h" />
    <ClInclude Include="Source\Resources\IOP\DMAC\IOPDmac_t.h" />
    <ClInclude Include="Source\Common\Types\MIPS\MIPSCoprocessor_t.h" />
    <ClInclude Include="Source\Common\Types\MIPS\MIPSCoprocessor0_t.h" />
    <ClInclude Include="Source\Common\Types\MIPS\MIPSOperatingContext_t.h" />
    <ClInclude Include="Source\Common\Types\MIPS\MIPSInstruction_t.h">
      <Filter>Source\Common\Types\MIPSInstruction</Filter>
    </ClInclude>
    <ClInclude Include="Source\Common\Types\MIPS\MIPSInstructionInfo_t.h" />
    <ClInclude Include="Source\Common\Tables\IOPCoreInstructionTable.h" />
    <ClInclude Include="Source\Common\Tables\EECoreInstructionTable.h">
      <Filter>Source\Common\Util\EECoreInstructionUtil</Filter>
    </ClInclude>
    <ClInclude Include="Source\Resources\IOP\IOPCore\Types\IOPCoreInstruction_t.h" />
    <ClInclude Include="Source\Resources\EE\VPU\VIF\Types\VIFcodeInstruction_t.h" />
    <ClInclude Include="Source\Resources\EE\VPU\VU\Types\VURegisters_t.h" />
    <ClInclude Include="Source\Resources\EE\VPU\VU\Types\VUCoreRegisters_t.h" />
    <ClInclude Include="Source\Resources\EE\VPU\VU\Types\VUCores_t.h" />
    <ClInclude Include="Source\Resources\EE\VPU\VU\Types\VUInstruction_t.h" />
    <ClInclude Include="Source\Resources\EE\VPU\VIF\Types\VIFCores_t.h" />
    <ClInclude Include="Source\Resources\EE\VPU\VIF\Types\VIFCoreRegisters_t.h" />
    <ClInclude Include="Source\Common\Types\FIFOQueue\FIFOQueue32_t.h" />
    <ClInclude Include="Source\Common\Types\Register\BitfieldRegister16_t.h" />
    <ClInclude Include="Source\Common\Types\Register\BitfieldRegister32_t.h">
      <Filter>Source\Common\Types\Registers</Filter>
    </ClInclude>
    <ClInclude Include="Source\Common\Types\Register\ConstantRegister8_t.h" />
    <ClInclude Include="Source\Common\Types\Register\ConstantRegister16_t.h" />
    <ClInclude Include="Source\Common\Types\Register\ConstantRegister32_t.h" />
    <ClInclude Include="Source\Common\Types\Register\ConstantRegister128_t.h">
      <Filter>Source\Common\PS2 Resources\EE\EECore\R5900\Types</Filter>
    </ClInclude>
    <ClInclude Include="Source\Common\Types\Register\LinkRegister32_t.h" />
    <ClInclude Include="Source\Common\Types\Register\LinkRegister128_t.h">
      <Filter>Source\Common\PS2 Resources\EE\EECore\R5900\Types</Filter>
    </ClInclude>
    <ClInclude Include="Source\Common\Types\Register\PCRegister16_t.h" />
    <ClInclude Include="Source\Common\Types\Register\PCRegister32_t.h">
      <Filter>Source\Common\PS2 Resources\EE\EECore\R5900\Types</Filter>
    </ClInclude>
    <ClInclude Include="Source\Common\Types\Register\Register8_t.h" />
    <ClInclude Include="Source\Common\Types\Register\Register16_t.h" />
    <ClInclude Include="Source\Common\Types\Register\Register32_t.h">
      <Filter>Source\Common\Types\Registers</Filter>
    </ClInclude>
    <ClInclude Include="Source\Common\Types\Register\Register64_t.h">
      <Filter>Source\Common\Types\Registers</Filter>
    </ClInclude>
    <ClInclude Include="Source\Common\Types\Register\Register128_t.h">
      <Filter>Source\Common\Types\Registers</Filter>
    </ClInclude>
    <ClInclude Include="Source\Common\Types\Register\MapperRegister16Register32_t.h" />
    <ClInclude Include="Source\Common\Types\ByteMMU\ByteMMU_t.h">
      <Filter>Source\VM\VMMMUHandler</Filter>
    </ClInclude>
    <ClInclude Include="Source\Common\Types\ByteMMU\MapperBaseObjectByteMMU_t.h" />
    <ClInclude Include="Source\Common\Types\ByteMMU\MapperRegister128ByteMMU_t.h" />
    <ClInclude Include="Source\Common\Types\ByteMMU\MapperRegister64ByteMMU_t.h" />
    <ClInclude Include="Source\Common\Types\ByteMMU\MapperRegister32ByteMMU_t.h" />
    <ClInclude Include="Source\Common\Types\ByteMMU\MapperRegister16ByteMMU_t.h" />
    <ClInclude Include="Source\Common\Types\ByteMMU\MapperRegister8ByteMMU_t.h" />
    <ClInclude Include="Source\Common\Types\ByteMMU\MapperByteMemoryByteMMU_t.h" />
    <ClInclude Include="Source\Common\Types\ByteMMU\MapperFIFOQueue32ByteMMU_t.h" />
    <ClInclude Include="Source\Common\Types\DebugBaseObject_t.h" />
    <ClInclude Include="Source\Resources\CDVD\CDVD_t.h" />
    <ClInclude Include="Source\Resources\SPU2\Types\SPU2CoreRegisters_t.h" />
    <ClInclude Include="Source\Resources\SPU2\Types\SPU2Cores_t.h" />
    <ClInclude Include="Source\Resources\SPU2\Types\SPU2CoreVoiceRegisters_t.h" />
    <ClInclude Include="Source\Resources\SPU2\Types\SPU2CoreVoices_t.h" />
    <ClInclude Include="Source\Resources\SPU2\SPU2_t.h" />
    <ClInclude Include="Source\Common\Types\FIFOQueue\FIFOQueue8_t.h" />
    <ClInclude Include="Source\Common\Types\ByteMMU\MapperFIFOQueue8ByteMMU_t.h" />
    <ClInclude Include="Source\VM\Systems\CDVD\CDVD_s.h" />
    <ClInclude Include="Source\Resources\CDVD\Types\CDVDRegisters_t.h" />
    <ClInclude Include="Source\Resources\CDVD\Types\CDVDNvrams_t.h" />
    <ClInclude Include="Source\Resources\CDVD\Types\CDVDFIFOQueues_t.h" />
  </ItemGroup>
  <ItemGroup>
    <ClCompile Include="Source\stdafx.cpp">
      <Filter>Source</Filter>
    </ClCompile>
    <ClCompile Include="Source\Common\Util\MathUtil\MathUtil.cpp">
      <Filter>Source\Common\Util\MathUtil</Filter>
    </ClCompile>
    <ClCompile Include="Source\Common\Util\FPUUtil\FPUUtil.cpp">
      <Filter>Source\Common\Util\EECoreCOP1Util</Filter>
    </ClCompile>
    <ClCompile Include="Source\Resources\Clock\Clock_t.cpp" />
    <ClCompile Include="Source\Resources\Common\Types\SBUSFIFOQueues_t.cpp" />
    <ClCompile Include="Source\Resources\Common\Types\SBUSRegisters_t.cpp" />
    <ClCompile Include="Source\Resources\Common\Common_t.cpp" />
    <ClCompile Include="Source\Resources\EE\DMAC\Types\EEDmacChannelRegisters_t.cpp" />
    <ClCompile Include="Source\Resources\EE\DMAC\Types\EEDmacChannels_t.cpp" />
    <ClCompile Include="Source\Resources\EE\DMAC\Types\EEDmacRegisters_t.cpp" />
    <ClCompile Include="Source\Resources\EE\DMAC\EEDmac_t.cpp" />
    <ClCompile Include="Source\Resources\EE\EECore\Types\EECoreCOP0_t.cpp">
      <Filter>Source\Common\PS2 Resources\EE\EECore\COP0</Filter>
    </ClCompile>
    <ClCompile Include="Source\Resources\EE\EECore\Types\EECoreCOP0Registers_t.cpp" />
    <ClCompile Include="Source\Resources\EE\EECore\Types\EECoreFPU_t.cpp">
      <Filter>Source\Common\PS2 Resources\EE\EECore\COP1</Filter>
    </ClCompile>
    <ClCompile Include="Source\Resources\EE\EECore\Types\EECoreFPURegisters_t.cpp" />
    <ClCompile Include="Source\Resources\EE\EECore\Types\EECoreR5900_t.cpp">
      <Filter>Source\Common\PS2 Resources\EE\EECore\R5900</Filter>
    </ClCompile>
    <ClCompile Include="Source\Resources\EE\EECore\Types\EECoreTLB_t.cpp">
      <Filter>Source\Common\PS2 Resources\EE\EECore\MMU</Filter>
    </ClCompile>
    <ClCompile Include="Source\Resources\EE\EECore\EECore_t.cpp" />
    <ClCompile Include="Source\Resources\EE\GIF\GIF_t.cpp" />
    <ClCompile Include="Source\Resources\EE\INTC\Types\EEIntcRegisters_t.cpp" />
    <ClCompile Include="Source\Resources\EE\INTC\EEIntc_t.cpp" />
    <ClCompile Include="Source\Resources\EE\IPU\IPU_t.cpp" />
    <ClCompile Include="Source\Resources\EE\Timers\Types\EETimersTimerRegisters_t.cpp" />
    <ClCompile Include="Source\Resources\EE\Timers\Types\EETimersTimers_t.cpp" />
    <ClCompile Include="Source\Resources\EE\Timers\EETimers_t.cpp" />
    <ClCompile Include="Source\Resources\EE\Types\EERegisters_t.cpp" />
    <ClCompile Include="Source\Resources\EE\VPU\Types\VPURegisters_t.cpp" />
    <ClCompile Include="Source\Resources\EE\VPU\VIF\VIF_t.cpp" />
    <ClCompile Include="Source\Resources\EE\VPU\VU\VU_t.cpp" />
    <ClCompile Include="Source\Resources\EE\VPU\VPU_t.cpp" />
    <ClCompile Include="Source\Resources\EE\EE_t.cpp" />
    <ClCompile Include="Source\Resources\GS\GS_t.cpp" />
    <ClCompile Include="Source\Resources\IOP\INTC\Types\IOPIntcRegisters_t.cpp" />
    <ClCompile Include="Source\Resources\IOP\INTC\IOPIntc_t.cpp" />
    <ClCompile Include="Source\Resources\IOP\IOPCore\Types\IOPCoreCOP0_t.cpp" />
    <ClCompile Include="Source\Resources\IOP\IOPCore\Types\IOPCoreCOP0Registers_t.cpp" />
    <ClCompile Include="Source\Resources\IOP\IOPCore\Types\IOPCoreR3000_t.cpp" />
    <ClCompile Include="Source\Resources\IOP\IOPCore\IOPCore_t.cpp" />
    <ClCompile Include="Source\Resources\IOP\Timers\Types\IOPTimersTimerRegisters_t.cpp" />
    <ClCompile Include="Source\Resources\IOP\Timers\Types\IOPTimersTimers_t.cpp" />
    <ClCompile Include="Source\Resources\IOP\Timers\IOPTimers_t.cpp" />
    <ClCompile Include="Source\Resources\IOP\IOP_t.cpp" />
    <ClCompile Include="Source\Resources\Resources_t.cpp" />
    <ClCompile Include="Source\VM\Systems\EE\VPU\VUInterpreter\VUInterpreter_CONVERT.cpp" />
    <ClCompile Include="Source\VM\Systems\EE\VPU\VUInterpreter\VUInterpreter_EFU.cpp" />
    <ClCompile Include="Source\VM\Systems\EE\VPU\VUInterpreter\VUInterpreter_FLAG.cpp" />
    <ClCompile Include="Source\VM\Systems\EE\VPU\VUInterpreter\VUInterpreter_FLOAT.cpp" />
    <ClCompile Include="Source\VM\Systems\EE\VPU\VUInterpreter\VUInterpreter_INTEGER.cpp" />
    <ClCompile Include="Source\VM\Systems\EE\VPU\VUInterpreter\VUInterpreter_OTHER.cpp" />
    <ClCompile Include="Source\VM\Systems\EE\VPU\VUInterpreter\VUInterpreter_TRANSFER.cpp" />
    <ClCompile Include="Source\VM\Systems\EE\EECoreInterpreter\EECoreInterpreter_ALU_OTHERS.cpp" />
    <ClCompile Include="Source\VM\Systems\EE\EECoreInterpreter\EECoreInterpreter_BREAK_TRAP.cpp" />
    <ClCompile Include="Source\VM\Systems\EE\EECoreInterpreter\EECoreInterpreter_CALL.cpp" />
    <ClCompile Include="Source\VM\Systems\EE\EECoreInterpreter\EECoreInterpreter_COMPARE.cpp" />
    <ClCompile Include="Source\VM\Systems\EE\EECoreInterpreter\EECoreInterpreter_COND_BRANCH_JUMP.cpp" />
    <ClCompile Include="Source\VM\Systems\EE\EECoreInterpreter\EECoreInterpreter_COP2.cpp" />
    <ClCompile Include="Source\VM\Systems\EE\EECoreInterpreter\EECoreInterpreter_DFC.cpp" />
    <ClCompile Include="Source\VM\Systems\EE\EECoreInterpreter\EECoreInterpreter_FLOAT.cpp" />
    <ClCompile Include="Source\VM\Systems\EE\EECoreInterpreter\EECoreInterpreter_INTEGER_ADD_SUB.cpp" />
    <ClCompile Include="Source\VM\Systems\EE\EECoreInterpreter\EECoreInterpreter_INTEGER_MULT_ADD.cpp" />
    <ClCompile Include="Source\VM\Systems\EE\EECoreInterpreter\EECoreInterpreter_INTEGER_MULT_DIV.cpp" />
    <ClCompile Include="Source\VM\Systems\EE\EECoreInterpreter\EECoreInterpreter_LOAD_MEM.cpp" />
    <ClCompile Include="Source\VM\Systems\EE\EECoreInterpreter\EECoreInterpreter_LOGICAL.cpp" />
    <ClCompile Include="Source\VM\Systems\EE\EECoreInterpreter\EECoreInterpreter_MIN_MAX.cpp" />
    <ClCompile Include="Source\VM\Systems\EE\EECoreInterpreter\EECoreInterpreter_OTHERS.cpp" />
    <ClCompile Include="Source\VM\Systems\EE\EECoreInterpreter\EECoreInterpreter_REG_TRANSFER.cpp" />
    <ClCompile Include="Source\VM\Systems\EE\EECoreInterpreter\EECoreInterpreter_REORDERING.cpp" />
    <ClCompile Include="Source\VM\Systems\EE\EECoreInterpreter\EECoreInterpreter_SHIFT.cpp" />
    <ClCompile Include="Source\VM\Systems\EE\EECoreInterpreter\EECoreInterpreter_SPECIAL_TRANSFER.cpp" />
    <ClCompile Include="Source\VM\Systems\EE\EECoreInterpreter\EECoreInterpreter_STORE_MEM.cpp" />
    <ClCompile Include="Source\VM\Systems\IOP\IOPCoreInterpreter\IOPCoreInterpreter_ALU.cpp" />
    <ClCompile Include="Source\VM\Systems\IOP\IOPCoreInterpreter\IOPCoreInterpreter_BRANCH_JUMP.cpp" />
    <ClCompile Include="Source\VM\Systems\IOP\IOPCoreInterpreter\IOPCoreInterpreter_LOAD_STORE_MEM.cpp" />
    <ClCompile Include="Source\VM\Systems\IOP\IOPCoreInterpreter\IOPCoreInterpreter_OTHERS.cpp" />
    <ClCompile Include="Source\VM\Systems\IOP\IOPCoreInterpreter\IOPCoreInterpreter_SPECIAL_TRANSFER.cpp" />
    <ClCompile Include="Source\Common\Global\Log.cpp" />
    <ClCompile Include="Source\VM\VM.cpp">
      <Filter>Source\VM</Filter>
    </ClCompile>
    <ClCompile Include="Source\VM\Systems\EE\EECoreInterpreter\EECoreInterpreter_s.cpp">
      <Filter>Source\VM\ExecutionCore\Interpreter\InterpreterEECore</Filter>
    </ClCompile>
    <ClCompile Include="Source\VM\Systems\EE\INTC\EEIntc_s.cpp" />
    <ClCompile Include="Source\VM\Systems\EE\Timers\EETimers_s.cpp" />
    <ClCompile Include="Source\VM\Systems\EE\VPU\VIF\VIF_s.cpp" />
    <ClCompile Include="Source\VM\Systems\EE\VPU\VUInterpreter\VUInterpreter_s.cpp" />
    <ClCompile Include="Source\VM\Systems\IOP\DMAC\IOPDmac_s.cpp" />
    <ClCompile Include="Source\VM\Systems\IOP\INTC\IOPIntc_s.cpp" />
    <ClCompile Include="Source\VM\Systems\IOP\IOPCoreInterpreter\IOPCoreInterpreter_s.cpp" />
    <ClCompile Include="Source\VM\Systems\IOP\Timers\IOPTimers_s.cpp" />
    <ClCompile Include="Source\VM\Systems\EE\DMAC\EEDmac_s.cpp" />
    <ClCompile Include="Source\VM\Systems\EE\DMAC\EEDmac_s.cpp" />
    <ClCompile Include="Source\VM\Systems\GS\GSCore\GSCore_s.cpp" />
    <ClCompile Include="Source\Resources\GS\CRTC\CRTC_t.cpp" />
    <ClCompile Include="Source\VM\Systems\GS\CRTC\CRTC_s.cpp" />
    <ClCompile Include="Source\VM\Systems\EE\DMAC\EEDmac_CHAIN.cpp" />
    <ClCompile Include="Source\Common\Types\Memory\ByteMemory_t.cpp" />
    <ClCompile Include="Source\Common\Types\Memory\ConstantByteMemory_t.cpp" />
    <ClCompile Include="Source\Common\Types\Memory\ROByteMemory_t.cpp" />
    <ClCompile Include="Source\Common\Types\Memory\HwordMemory_t.cpp" />
    <ClCompile Include="Source\Resources\IOP\DMAC\Types\IOPDmacChannelRegisters_t.cpp" />
    <ClCompile Include="Source\Resources\IOP\DMAC\Types\IOPDmacChannels_t.cpp" />
    <ClCompile Include="Source\Resources\IOP\DMAC\Types\IOPDmacRegisters_t.cpp" />
    <ClCompile Include="Source\Resources\IOP\DMAC\IOPDmac_t.cpp" />
    <ClCompile Include="Source\Common\Tables\EECoreExceptionsTable.cpp" />
    <ClCompile Include="Source\Common\Tables\EECoreInstructionTable.cpp" />
    <ClCompile Include="Source\Common\Tables\EECoreSyscallTable.cpp" />
    <ClCompile Include="Source\Common\Tables\EEDmacChannelTable.cpp" />
    <ClCompile Include="Source\Common\Tables\IOPCoreExceptionsTable.cpp" />
    <ClCompile Include="Source\Common\Tables\IOPCoreInstructionTable.cpp" />
    <ClCompile Include="Source\Common\Tables\IOPCoreSyscallTable.cpp" />
    <ClCompile Include="Source\Common\Tables\IOPDmacChannelTable.cpp" />
    <ClCompile Include="Source\Common\Tables\VIFcodeInstructionTable.cpp" />
    <ClCompile Include="Source\Resources\EE\VPU\VU\Types\VURegisters_t.cpp" />
    <ClCompile Include="Source\Resources\EE\VPU\VU\Types\VUCoreRegisters_t.cpp" />
    <ClCompile Include="Source\Resources\EE\VPU\VU\Types\VUCores_t.cpp" />
    <ClCompile Include="Source\Resources\EE\VPU\VIF\Types\VIFCores_t.cpp" />
    <ClCompile Include="Source\Resources\EE\VPU\VIF\Types\VIFCoreRegisters_t.cpp" />
    <ClCompile Include="Source\VM\Types\VMSystem_s.cpp" />
    <ClCompile Include="Source\Common\Types\FIFOQueue\FIFOQueue32_t.cpp" />
    <ClCompile Include="Source\Common\Types\Register\BitfieldRegister16_t.cpp" />
    <ClCompile Include="Source\Common\Types\Register\BitfieldRegister32_t.cpp">
      <Filter>Source\Common\Types\Registers</Filter>
    </ClCompile>
    <ClCompile Include="Source\Common\Types\Register\ConstantRegister8_t.cpp" />
    <ClCompile Include="Source\Common\Types\Register\ConstantRegister16_t.cpp" />
    <ClCompile Include="Source\Common\Types\Register\ConstantRegister32_t.cpp" />
    <ClCompile Include="Source\Common\Types\Register\ConstantRegister128_t.cpp">
      <Filter>Source\Common\PS2 Resources\EE\EECore\R5900\Types</Filter>
    </ClCompile>
    <ClCompile Include="Source\Common\Types\Register\LinkRegister32_t.cpp" />
    <ClCompile Include="Source\Common\Types\Register\LinkRegister128_t.cpp">
      <Filter>Source\Common\PS2 Resources\EE\EECore\R5900\Types</Filter>
    </ClCompile>
    <ClCompile Include="Source\Common\Types\Register\PCRegister16_t.cpp" />
    <ClCompile Include="Source\Common\Types\Register\PCRegister32_t.cpp">
      <Filter>Source\Common\PS2 Resources\EE\EECore\R5900\Types</Filter>
    </ClCompile>
    <ClCompile Include="Source\Common\Types\Register\Register8_t.cpp" />
    <ClCompile Include="Source\Common\Types\Register\Register16_t.cpp" />
    <ClCompile Include="Source\Common\Types\Register\Register32_t.cpp">
      <Filter>Source\Common\Types\Registers</Filter>
    </ClCompile>
    <ClCompile Include="Source\Common\Types\Register\Register64_t.cpp">
      <Filter>Source\Common\Types\Registers</Filter>
    </ClCompile>
    <ClCompile Include="Source\Common\Types\Register\Register128_t.cpp">
      <Filter>Source\Common\Types\Registers</Filter>
    </ClCompile>
    <ClCompile Include="Source\Common\Types\Register\MapperRegister16Register32_t.cpp" />
    <ClCompile Include="Source\Common\Types\ByteMMU\ByteMMU_t.cpp">
      <Filter>Source\VM\VMMMUHandler</Filter>
    </ClCompile>
    <ClCompile Include="Source\Common\Types\ByteMMU\MapperBaseObjectByteMMU_t.cpp" />
    <ClCompile Include="Source\Common\Types\ByteMMU\MapperRegister128ByteMMU_t.cpp" />
    <ClCompile Include="Source\Common\Types\ByteMMU\MapperRegister64ByteMMU_t.cpp" />
    <ClCompile Include="Source\Common\Types\ByteMMU\MapperRegister32ByteMMU_t.cpp" />
    <ClCompile Include="Source\Common\Types\ByteMMU\MapperRegister16ByteMMU_t.cpp" />
    <ClCompile Include="Source\Common\Types\ByteMMU\MapperRegister8ByteMMU_t.cpp" />
    <ClCompile Include="Source\Common\Types\ByteMMU\MapperByteMemoryByteMMU_t.cpp" />
    <ClCompile Include="Source\Common\Types\ByteMMU\MapperFIFOQueue32ByteMMU_t.cpp" />
    <ClCompile Include="Source\Common\Types\MIPS\MIPSInstruction_t.cpp" />
    <ClCompile Include="Source\Resources\EE\EECore\Types\EECoreInstruction_t.cpp" />
    <ClCompile Include="Source\Resources\EE\VPU\VIF\Types\VIFcodeInstruction_t.cpp" />
    <ClCompile Include="Source\Resources\EE\VPU\VU\Types\VUInstruction_t.cpp" />
    <ClCompile Include="Source\Resources\IOP\IOPCore\Types\IOPCoreInstruction_t.cpp" />
    <ClCompile Include="Source\Resources\CDVD\CDVD_t.cpp" />
    <ClCompile Include="Source\Resources\SPU2\Types\SPU2CoreRegisters_t.cpp" />
    <ClCompile Include="Source\Resources\SPU2\Types\SPU2Cores_t.cpp" />
    <ClCompile Include="Source\Resources\SPU2\Types\SPU2CoreVoiceRegisters_t.cpp" />
    <ClCompile Include="Source\Resources\SPU2\Types\SPU2CoreVoices_t.cpp" />
    <ClCompile Include="Source\Resources\SPU2\SPU2_t.cpp" />
    <ClCompile Include="Source\Common\Types\FIFOQueue\FIFOQueue8_t.cpp" />
    <ClCompile Include="Source\Common\Types\ByteMMU\MapperFIFOQueue8ByteMMU_t.cpp" />
    <ClCompile Include="Source\VM\Systems\CDVD\CDVD_s.cpp" />
    <ClCompile Include="Source\Resources\CDVD\Types\CDVDRegisters_t.cpp" />
    <ClCompile Include="Source\VM\Systems\CDVD\CDVD_SCMD.cpp" />
    <ClCompile Include="Source\Resources\CDVD\Types\CDVDNvrams_t.cpp" />
    <ClCompile Include="Source\Resources\CDVD\Types\CDVDFIFOQueues_t.cpp" />
  </ItemGroup>
  <ItemGroup>
    <None Include="Docs\Memory Mappings.xlsx">
      <Filter>Docs</Filter>
    </None>
    <None Include="Docs\EECore Instruction Implementation Register.xlsm">
      <Filter>Docs</Filter>
    </None>
    <None Include="Docs\FPU Notes.xlsx">
      <Filter>Docs</Filter>
    </None>
    <None Include="Docs\Bitfield Register Creation Helper.xlsx" />
    <None Include="Docs\IOP Instruction Implementation Register.xlsm" />
    <None Include="Docs\IOPCore Instruction Implementation Register.xlsm" />
    <None Include="Docs\GenMemoryMappings.py" />
    <None Include="Docs\MemoryMappings.csv" />
  </ItemGroup>
</Project>